// !$*UTF8*$!
{
	archiveVersion = 1;
	classes = {
	};
	objectVersion = 46;
	objects = {

/* Begin PBXBuildFile section */
		F5734E4119797BAD00B91A23 /* Foundation.framework in Frameworks */ = {isa = PBXBuildFile; fileRef = F5734E4019797BAD00B91A23 /* Foundation.framework */; };
		F5734E4319797BAD00B91A23 /* CoreGraphics.framework in Frameworks */ = {isa = PBXBuildFile; fileRef = F5734E4219797BAD00B91A23 /* CoreGraphics.framework */; };
		F5734E4519797BAD00B91A23 /* UIKit.framework in Frameworks */ = {isa = PBXBuildFile; fileRef = F5734E4419797BAD00B91A23 /* UIKit.framework */; };
		F5734E4B19797BAD00B91A23 /* InfoPlist.strings in Resources */ = {isa = PBXBuildFile; fileRef = F5734E4919797BAD00B91A23 /* InfoPlist.strings */; };
		F5734E4D19797BAD00B91A23 /* main.m in Sources */ = {isa = PBXBuildFile; fileRef = F5734E4C19797BAD00B91A23 /* main.m */; };
		F5734E5119797BAD00B91A23 /* AppDelegate.m in Sources */ = {isa = PBXBuildFile; fileRef = F5734E5019797BAD00B91A23 /* AppDelegate.m */; };
		F5734E5419797BAD00B91A23 /* Main.storyboard in Resources */ = {isa = PBXBuildFile; fileRef = F5734E5219797BAD00B91A23 /* Main.storyboard */; };
		F5734E5719797BAD00B91A23 /* ViewController.m in Sources */ = {isa = PBXBuildFile; fileRef = F5734E5619797BAD00B91A23 /* ViewController.m */; };
		F5734E5919797BAD00B91A23 /* Images.xcassets in Resources */ = {isa = PBXBuildFile; fileRef = F5734E5819797BAD00B91A23 /* Images.xcassets */; };
		F5734E6019797BAD00B91A23 /* XCTest.framework in Frameworks */ = {isa = PBXBuildFile; fileRef = F5734E5F19797BAD00B91A23 /* XCTest.framework */; };
		F5734E6119797BAD00B91A23 /* Foundation.framework in Frameworks */ = {isa = PBXBuildFile; fileRef = F5734E4019797BAD00B91A23 /* Foundation.framework */; };
		F5734E6219797BAD00B91A23 /* UIKit.framework in Frameworks */ = {isa = PBXBuildFile; fileRef = F5734E4419797BAD00B91A23 /* UIKit.framework */; };
		F5734E6A19797BAD00B91A23 /* InfoPlist.strings in Resources */ = {isa = PBXBuildFile; fileRef = F5734E6819797BAD00B91A23 /* InfoPlist.strings */; };
		F5734E6C19797BAD00B91A23 /* CYFrameworkTests.m in Sources */ = {isa = PBXBuildFile; fileRef = F5734E6B19797BAD00B91A23 /* CYFrameworkTests.m */; };
		F5734EE819797BE700B91A23 /* CY_Controller.m in Sources */ = {isa = PBXBuildFile; fileRef = F5734E7819797BE700B91A23 /* CY_Controller.m */; };
		F5734EE919797BE700B91A23 /* CY_Message.m in Sources */ = {isa = PBXBuildFile; fileRef = F5734E7A19797BE700B91A23 /* CY_Message.m */; };
		F5734EEA19797BE700B91A23 /* CY_MessageController.m in Sources */ = {isa = PBXBuildFile; fileRef = F5734E7C19797BE700B91A23 /* CY_MessageController.m */; };
		F5734EEB19797BE700B91A23 /* CY_MessageQueue.m in Sources */ = {isa = PBXBuildFile; fileRef = F5734E7E19797BE700B91A23 /* CY_MessageQueue.m */; };
		F5734EEC19797BE700B91A23 /* CY_Routine.m in Sources */ = {isa = PBXBuildFile; fileRef = F5734E8019797BE700B91A23 /* CY_Routine.m */; };
		F5734EED19797BE700B91A23 /* CY_MVC.m in Sources */ = {isa = PBXBuildFile; fileRef = F5734E8219797BE700B91A23 /* CY_MVC.m */; };
		F5734EEE19797BE700B91A23 /* CY_Model.m in Sources */ = {isa = PBXBuildFile; fileRef = F5734E8519797BE700B91A23 /* CY_Model.m */; };
		F5734EEF19797BE700B91A23 /* CY_View.m in Sources */ = {isa = PBXBuildFile; fileRef = F5734E8819797BE700B91A23 /* CY_View.m */; };
		F5734EF019797BE700B91A23 /* CY_Foundation.m in Sources */ = {isa = PBXBuildFile; fileRef = F5734E8E19797BE700B91A23 /* CY_Foundation.m */; };
		F5734EF119797BE700B91A23 /* NSObject+CY_Property.m in Sources */ = {isa = PBXBuildFile; fileRef = F5734E9119797BE700B91A23 /* NSObject+CY_Property.m */; };
		F5734EF219797BE700B91A23 /* ASIAuthenticationDialog.m in Sources */ = {isa = PBXBuildFile; fileRef = F5734E9619797BE700B91A23 /* ASIAuthenticationDialog.m */; };
		F5734EF319797BE700B91A23 /* ASIDataCompressor.m in Sources */ = {isa = PBXBuildFile; fileRef = F5734E9919797BE700B91A23 /* ASIDataCompressor.m */; };
		F5734EF419797BE700B91A23 /* ASIDataDecompressor.m in Sources */ = {isa = PBXBuildFile; fileRef = F5734E9B19797BE700B91A23 /* ASIDataDecompressor.m */; };
		F5734EF519797BE700B91A23 /* ASIDownloadCache.m in Sources */ = {isa = PBXBuildFile; fileRef = F5734E9D19797BE700B91A23 /* ASIDownloadCache.m */; };
		F5734EF619797BE700B91A23 /* ASIFormDataRequest.m in Sources */ = {isa = PBXBuildFile; fileRef = F5734E9F19797BE700B91A23 /* ASIFormDataRequest.m */; };
		F5734EF719797BE700B91A23 /* ASIHTTPRequest.m in Sources */ = {isa = PBXBuildFile; fileRef = F5734EA119797BE700B91A23 /* ASIHTTPRequest.m */; };
		F5734EF819797BE700B91A23 /* ASIInputStream.m in Sources */ = {isa = PBXBuildFile; fileRef = F5734EA519797BE700B91A23 /* ASIInputStream.m */; };
		F5734EF919797BE700B91A23 /* ASINetworkQueue.m in Sources */ = {isa = PBXBuildFile; fileRef = F5734EA719797BE700B91A23 /* ASINetworkQueue.m */; };
		F5734EFA19797BE700B91A23 /* FMDatabase.m in Sources */ = {isa = PBXBuildFile; fileRef = F5734EAD19797BE700B91A23 /* FMDatabase.m */; };
		F5734EFB19797BE700B91A23 /* FMDatabaseAdditions.m in Sources */ = {isa = PBXBuildFile; fileRef = F5734EAF19797BE700B91A23 /* FMDatabaseAdditions.m */; };
		F5734EFC19797BE700B91A23 /* FMDatabasePool.m in Sources */ = {isa = PBXBuildFile; fileRef = F5734EB119797BE700B91A23 /* FMDatabasePool.m */; };
		F5734EFD19797BE700B91A23 /* FMDatabaseQueue.m in Sources */ = {isa = PBXBuildFile; fileRef = F5734EB319797BE700B91A23 /* FMDatabaseQueue.m */; };
		F5734EFE19797BE700B91A23 /* FMResultSet.m in Sources */ = {isa = PBXBuildFile; fileRef = F5734EB519797BE700B91A23 /* FMResultSet.m */; };
		F5734EFF19797BE700B91A23 /* JSONKit.m in Sources */ = {isa = PBXBuildFile; fileRef = F5734EB819797BE700B91A23 /* JSONKit.m */; };
		F5734F0019797BE700B91A23 /* OpenUDID.m in Sources */ = {isa = PBXBuildFile; fileRef = F5734EBB19797BE700B91A23 /* OpenUDID.m */; };
		F5734F0119797BE700B91A23 /* Reachability.m in Sources */ = {isa = PBXBuildFile; fileRef = F5734EBE19797BE700B91A23 /* Reachability.m */; };
		F5734F0219797BE700B91A23 /* CTidy.m in Sources */ = {isa = PBXBuildFile; fileRef = F5734EC119797BE700B91A23 /* CTidy.m */; };
		F5734F0319797BE700B91A23 /* CXHTMLDocument.m in Sources */ = {isa = PBXBuildFile; fileRef = F5734EC319797BE700B91A23 /* CXHTMLDocument.m */; };
		F5734F0419797BE700B91A23 /* CXMLDocument.m in Sources */ = {isa = PBXBuildFile; fileRef = F5734EC519797BE700B91A23 /* CXMLDocument.m */; };
		F5734F0519797BE700B91A23 /* CXMLDocument_CreationExtensions.m in Sources */ = {isa = PBXBuildFile; fileRef = F5734EC719797BE700B91A23 /* CXMLDocument_CreationExtensions.m */; };
		F5734F0619797BE700B91A23 /* CXMLDocument_PrivateExtensions.m in Sources */ = {isa = PBXBuildFile; fileRef = F5734EC919797BE700B91A23 /* CXMLDocument_PrivateExtensions.m */; };
		F5734F0719797BE700B91A23 /* CXMLElement.m in Sources */ = {isa = PBXBuildFile; fileRef = F5734ECB19797BE700B91A23 /* CXMLElement.m */; };
		F5734F0819797BE700B91A23 /* CXMLElement_CreationExtensions.m in Sources */ = {isa = PBXBuildFile; fileRef = F5734ECD19797BE700B91A23 /* CXMLElement_CreationExtensions.m */; };
		F5734F0919797BE700B91A23 /* CXMLElement_ElementTreeExtensions.m in Sources */ = {isa = PBXBuildFile; fileRef = F5734ECF19797BE700B91A23 /* CXMLElement_ElementTreeExtensions.m */; };
		F5734F0A19797BE700B91A23 /* CXMLNamespaceNode.m in Sources */ = {isa = PBXBuildFile; fileRef = F5734ED119797BE700B91A23 /* CXMLNamespaceNode.m */; };
		F5734F0B19797BE700B91A23 /* CXMLNode.m in Sources */ = {isa = PBXBuildFile; fileRef = F5734ED319797BE700B91A23 /* CXMLNode.m */; };
		F5734F0C19797BE700B91A23 /* CXMLNode_CreationExtensions.m in Sources */ = {isa = PBXBuildFile; fileRef = F5734ED519797BE700B91A23 /* CXMLNode_CreationExtensions.m */; };
		F5734F0D19797BE700B91A23 /* CXMLNode_PrivateExtensions.m in Sources */ = {isa = PBXBuildFile; fileRef = F5734ED719797BE700B91A23 /* CXMLNode_PrivateExtensions.m */; };
		F5734F0E19797BE700B91A23 /* CXMLNode_XPathExtensions.m in Sources */ = {isa = PBXBuildFile; fileRef = F5734ED919797BE700B91A23 /* CXMLNode_XPathExtensions.m */; };
		F5734F0F19797BE700B91A23 /* ioapi.c in Sources */ = {isa = PBXBuildFile; fileRef = F5734EDE19797BE700B91A23 /* ioapi.c */; };
		F5734F1019797BE700B91A23 /* mztools.c in Sources */ = {isa = PBXBuildFile; fileRef = F5734EE019797BE700B91A23 /* mztools.c */; };
		F5734F1119797BE700B91A23 /* unzip.c in Sources */ = {isa = PBXBuildFile; fileRef = F5734EE219797BE700B91A23 /* unzip.c */; };
		F5734F1219797BE700B91A23 /* zip.c in Sources */ = {isa = PBXBuildFile; fileRef = F5734EE419797BE700B91A23 /* zip.c */; };
		F5734F1319797BE700B91A23 /* ZipArchive.mm in Sources */ = {isa = PBXBuildFile; fileRef = F5734EE719797BE700B91A23 /* ZipArchive.mm */; };
/* End PBXBuildFile section */

/* Begin PBXContainerItemProxy section */
		F5734E6319797BAD00B91A23 /* PBXContainerItemProxy */ = {
			isa = PBXContainerItemProxy;
			containerPortal = F5734E3519797BAD00B91A23 /* Project object */;
			proxyType = 1;
			remoteGlobalIDString = F5734E3C19797BAD00B91A23;
			remoteInfo = CYFramework;
		};
/* End PBXContainerItemProxy section */

/* Begin PBXFileReference section */
		F5734E3D19797BAD00B91A23 /* CYFramework.app */ = {isa = PBXFileReference; explicitFileType = wrapper.application; includeInIndex = 0; path = CYFramework.app; sourceTree = BUILT_PRODUCTS_DIR; };
		F5734E4019797BAD00B91A23 /* Foundation.framework */ = {isa = PBXFileReference; lastKnownFileType = wrapper.framework; name = Foundation.framework; path = System/Library/Frameworks/Foundation.framework; sourceTree = SDKROOT; };
		F5734E4219797BAD00B91A23 /* CoreGraphics.framework */ = {isa = PBXFileReference; lastKnownFileType = wrapper.framework; name = CoreGraphics.framework; path = System/Library/Frameworks/CoreGraphics.framework; sourceTree = SDKROOT; };
		F5734E4419797BAD00B91A23 /* UIKit.framework */ = {isa = PBXFileReference; lastKnownFileType = wrapper.framework; name = UIKit.framework; path = System/Library/Frameworks/UIKit.framework; sourceTree = SDKROOT; };
		F5734E4819797BAD00B91A23 /* CYFramework-Info.plist */ = {isa = PBXFileReference; lastKnownFileType = text.plist.xml; path = "CYFramework-Info.plist"; sourceTree = "<group>"; };
		F5734E4A19797BAD00B91A23 /* en */ = {isa = PBXFileReference; lastKnownFileType = text.plist.strings; name = en; path = en.lproj/InfoPlist.strings; sourceTree = "<group>"; };
		F5734E4C19797BAD00B91A23 /* main.m */ = {isa = PBXFileReference; lastKnownFileType = sourcecode.c.objc; path = main.m; sourceTree = "<group>"; };
		F5734E4E19797BAD00B91A23 /* CYFramework-Prefix.pch */ = {isa = PBXFileReference; lastKnownFileType = sourcecode.c.h; path = "CYFramework-Prefix.pch"; sourceTree = "<group>"; };
		F5734E4F19797BAD00B91A23 /* AppDelegate.h */ = {isa = PBXFileReference; lastKnownFileType = sourcecode.c.h; path = AppDelegate.h; sourceTree = "<group>"; };
		F5734E5019797BAD00B91A23 /* AppDelegate.m */ = {isa = PBXFileReference; lastKnownFileType = sourcecode.c.objc; path = AppDelegate.m; sourceTree = "<group>"; };
		F5734E5319797BAD00B91A23 /* Base */ = {isa = PBXFileReference; lastKnownFileType = file.storyboard; name = Base; path = Base.lproj/Main.storyboard; sourceTree = "<group>"; };
		F5734E5519797BAD00B91A23 /* ViewController.h */ = {isa = PBXFileReference; lastKnownFileType = sourcecode.c.h; path = ViewController.h; sourceTree = "<group>"; };
		F5734E5619797BAD00B91A23 /* ViewController.m */ = {isa = PBXFileReference; lastKnownFileType = sourcecode.c.objc; path = ViewController.m; sourceTree = "<group>"; };
		F5734E5819797BAD00B91A23 /* Images.xcassets */ = {isa = PBXFileReference; lastKnownFileType = folder.assetcatalog; path = Images.xcassets; sourceTree = "<group>"; };
		F5734E5E19797BAD00B91A23 /* CYFrameworkTests.xctest */ = {isa = PBXFileReference; explicitFileType = wrapper.cfbundle; includeInIndex = 0; path = CYFrameworkTests.xctest; sourceTree = BUILT_PRODUCTS_DIR; };
		F5734E5F19797BAD00B91A23 /* XCTest.framework */ = {isa = PBXFileReference; lastKnownFileType = wrapper.framework; name = XCTest.framework; path = Library/Frameworks/XCTest.framework; sourceTree = DEVELOPER_DIR; };
		F5734E6719797BAD00B91A23 /* CYFrameworkTests-Info.plist */ = {isa = PBXFileReference; lastKnownFileType = text.plist.xml; path = "CYFrameworkTests-Info.plist"; sourceTree = "<group>"; };
		F5734E6919797BAD00B91A23 /* en */ = {isa = PBXFileReference; lastKnownFileType = text.plist.strings; name = en; path = en.lproj/InfoPlist.strings; sourceTree = "<group>"; };
		F5734E6B19797BAD00B91A23 /* CYFrameworkTests.m */ = {isa = PBXFileReference; lastKnownFileType = sourcecode.c.objc; path = CYFrameworkTests.m; sourceTree = "<group>"; };
		F5734E7719797BE700B91A23 /* CY_Controller.h */ = {isa = PBXFileReference; fileEncoding = 4; lastKnownFileType = sourcecode.c.h; path = CY_Controller.h; sourceTree = "<group>"; };
		F5734E7819797BE700B91A23 /* CY_Controller.m */ = {isa = PBXFileReference; fileEncoding = 4; lastKnownFileType = sourcecode.c.objc; path = CY_Controller.m; sourceTree = "<group>"; };
		F5734E7919797BE700B91A23 /* CY_Message.h */ = {isa = PBXFileReference; fileEncoding = 4; lastKnownFileType = sourcecode.c.h; path = CY_Message.h; sourceTree = "<group>"; };
		F5734E7A19797BE700B91A23 /* CY_Message.m */ = {isa = PBXFileReference; fileEncoding = 4; lastKnownFileType = sourcecode.c.objc; path = CY_Message.m; sourceTree = "<group>"; };
		F5734E7B19797BE700B91A23 /* CY_MessageController.h */ = {isa = PBXFileReference; fileEncoding = 4; lastKnownFileType = sourcecode.c.h; path = CY_MessageController.h; sourceTree = "<group>"; };
		F5734E7C19797BE700B91A23 /* CY_MessageController.m */ = {isa = PBXFileReference; fileEncoding = 4; lastKnownFileType = sourcecode.c.objc; path = CY_MessageController.m; sourceTree = "<group>"; };
		F5734E7D19797BE700B91A23 /* CY_MessageQueue.h */ = {isa = PBXFileReference; fileEncoding = 4; lastKnownFileType = sourcecode.c.h; path = CY_MessageQueue.h; sourceTree = "<group>"; };
		F5734E7E19797BE700B91A23 /* CY_MessageQueue.m */ = {isa = PBXFileReference; fileEncoding = 4; lastKnownFileType = sourcecode.c.objc; path = CY_MessageQueue.m; sourceTree = "<group>"; };
		F5734E7F19797BE700B91A23 /* CY_Routine.h */ = {isa = PBXFileReference; fileEncoding = 4; lastKnownFileType = sourcecode.c.h; path = CY_Routine.h; sourceTree = "<group>"; };
		F5734E8019797BE700B91A23 /* CY_Routine.m */ = {isa = PBXFileReference; fileEncoding = 4; lastKnownFileType = sourcecode.c.objc; path = CY_Routine.m; sourceTree = "<group>"; };
		F5734E8119797BE700B91A23 /* CY_MVC.h */ = {isa = PBXFileReference; fileEncoding = 4; lastKnownFileType = sourcecode.c.h; path = CY_MVC.h; sourceTree = "<group>"; };
		F5734E8219797BE700B91A23 /* CY_MVC.m */ = {isa = PBXFileReference; fileEncoding = 4; lastKnownFileType = sourcecode.c.objc; path = CY_MVC.m; sourceTree = "<group>"; };
		F5734E8419797BE700B91A23 /* CY_Model.h */ = {isa = PBXFileReference; fileEncoding = 4; lastKnownFileType = sourcecode.c.h; path = CY_Model.h; sourceTree = "<group>"; };
		F5734E8519797BE700B91A23 /* CY_Model.m */ = {isa = PBXFileReference; fileEncoding = 4; lastKnownFileType = sourcecode.c.objc; path = CY_Model.m; sourceTree = "<group>"; };
		F5734E8719797BE700B91A23 /* CY_View.h */ = {isa = PBXFileReference; fileEncoding = 4; lastKnownFileType = sourcecode.c.h; path = CY_View.h; sourceTree = "<group>"; };
		F5734E8819797BE700B91A23 /* CY_View.m */ = {isa = PBXFileReference; fileEncoding = 4; lastKnownFileType = sourcecode.c.objc; path = CY_View.m; sourceTree = "<group>"; };
		F5734E8D19797BE700B91A23 /* CY_Foundation.h */ = {isa = PBXFileReference; fileEncoding = 4; lastKnownFileType = sourcecode.c.h; path = CY_Foundation.h; sourceTree = "<group>"; };
		F5734E8E19797BE700B91A23 /* CY_Foundation.m */ = {isa = PBXFileReference; fileEncoding = 4; lastKnownFileType = sourcecode.c.objc; path = CY_Foundation.m; sourceTree = "<group>"; };
		F5734E9019797BE700B91A23 /* NSObject+CY_Property.h */ = {isa = PBXFileReference; fileEncoding = 4; lastKnownFileType = sourcecode.c.h; path = "NSObject+CY_Property.h"; sourceTree = "<group>"; };
		F5734E9119797BE700B91A23 /* NSObject+CY_Property.m */ = {isa = PBXFileReference; fileEncoding = 4; lastKnownFileType = sourcecode.c.objc; path = "NSObject+CY_Property.m"; sourceTree = "<group>"; };
		F5734E9519797BE700B91A23 /* ASIAuthenticationDialog.h */ = {isa = PBXFileReference; fileEncoding = 4; lastKnownFileType = sourcecode.c.h; path = ASIAuthenticationDialog.h; sourceTree = "<group>"; };
		F5734E9619797BE700B91A23 /* ASIAuthenticationDialog.m */ = {isa = PBXFileReference; fileEncoding = 4; lastKnownFileType = sourcecode.c.objc; path = ASIAuthenticationDialog.m; sourceTree = "<group>"; };
		F5734E9719797BE700B91A23 /* ASICacheDelegate.h */ = {isa = PBXFileReference; fileEncoding = 4; lastKnownFileType = sourcecode.c.h; path = ASICacheDelegate.h; sourceTree = "<group>"; };
		F5734E9819797BE700B91A23 /* ASIDataCompressor.h */ = {isa = PBXFileReference; fileEncoding = 4; lastKnownFileType = sourcecode.c.h; path = ASIDataCompressor.h; sourceTree = "<group>"; };
		F5734E9919797BE700B91A23 /* ASIDataCompressor.m */ = {isa = PBXFileReference; fileEncoding = 4; lastKnownFileType = sourcecode.c.objc; path = ASIDataCompressor.m; sourceTree = "<group>"; };
		F5734E9A19797BE700B91A23 /* ASIDataDecompressor.h */ = {isa = PBXFileReference; fileEncoding = 4; lastKnownFileType = sourcecode.c.h; path = ASIDataDecompressor.h; sourceTree = "<group>"; };
		F5734E9B19797BE700B91A23 /* ASIDataDecompressor.m */ = {isa = PBXFileReference; fileEncoding = 4; lastKnownFileType = sourcecode.c.objc; path = ASIDataDecompressor.m; sourceTree = "<group>"; };
		F5734E9C19797BE700B91A23 /* ASIDownloadCache.h */ = {isa = PBXFileReference; fileEncoding = 4; lastKnownFileType = sourcecode.c.h; path = ASIDownloadCache.h; sourceTree = "<group>"; };
		F5734E9D19797BE700B91A23 /* ASIDownloadCache.m */ = {isa = PBXFileReference; fileEncoding = 4; lastKnownFileType = sourcecode.c.objc; path = ASIDownloadCache.m; sourceTree = "<group>"; };
		F5734E9E19797BE700B91A23 /* ASIFormDataRequest.h */ = {isa = PBXFileReference; fileEncoding = 4; lastKnownFileType = sourcecode.c.h; path = ASIFormDataRequest.h; sourceTree = "<group>"; };
		F5734E9F19797BE700B91A23 /* ASIFormDataRequest.m */ = {isa = PBXFileReference; fileEncoding = 4; lastKnownFileType = sourcecode.c.objc; path = ASIFormDataRequest.m; sourceTree = "<group>"; };
		F5734EA019797BE700B91A23 /* ASIHTTPRequest.h */ = {isa = PBXFileReference; fileEncoding = 4; lastKnownFileType = sourcecode.c.h; path = ASIHTTPRequest.h; sourceTree = "<group>"; };
		F5734EA119797BE700B91A23 /* ASIHTTPRequest.m */ = {isa = PBXFileReference; fileEncoding = 4; lastKnownFileType = sourcecode.c.objc; path = ASIHTTPRequest.m; sourceTree = "<group>"; };
		F5734EA219797BE700B91A23 /* ASIHTTPRequestConfig.h */ = {isa = PBXFileReference; fileEncoding = 4; lastKnownFileType = sourcecode.c.h; path = ASIHTTPRequestConfig.h; sourceTree = "<group>"; };
		F5734EA319797BE700B91A23 /* ASIHTTPRequestDelegate.h */ = {isa = PBXFileReference; fileEncoding = 4; lastKnownFileType = sourcecode.c.h; path = ASIHTTPRequestDelegate.h; sourceTree = "<group>"; };
		F5734EA419797BE700B91A23 /* ASIInputStream.h */ = {isa = PBXFileReference; fileEncoding = 4; lastKnownFileType = sourcecode.c.h; path = ASIInputStream.h; sourceTree = "<group>"; };
		F5734EA519797BE700B91A23 /* ASIInputStream.m */ = {isa = PBXFileReference; fileEncoding = 4; lastKnownFileType = sourcecode.c.objc; path = ASIInputStream.m; sourceTree = "<group>"; };
		F5734EA619797BE700B91A23 /* ASINetworkQueue.h */ = {isa = PBXFileReference; fileEncoding = 4; lastKnownFileType = sourcecode.c.h; path = ASINetworkQueue.h; sourceTree = "<group>"; };
		F5734EA719797BE700B91A23 /* ASINetworkQueue.m */ = {isa = PBXFileReference; fileEncoding = 4; lastKnownFileType = sourcecode.c.objc; path = ASINetworkQueue.m; sourceTree = "<group>"; };
		F5734EA819797BE700B91A23 /* ASIProgressDelegate.h */ = {isa = PBXFileReference; fileEncoding = 4; lastKnownFileType = sourcecode.c.h; path = ASIProgressDelegate.h; sourceTree = "<group>"; };
		F5734EA919797BE700B91A23 /* Bee_Vendor.h */ = {isa = PBXFileReference; fileEncoding = 4; lastKnownFileType = sourcecode.c.h; path = Bee_Vendor.h; sourceTree = "<group>"; };
		F5734EAA19797BE700B91A23 /* Bee_VendorConfig.h */ = {isa = PBXFileReference; fileEncoding = 4; lastKnownFileType = sourcecode.c.h; path = Bee_VendorConfig.h; sourceTree = "<group>"; };
		F5734EAC19797BE700B91A23 /* FMDatabase.h */ = {isa = PBXFileReference; fileEncoding = 4; lastKnownFileType = sourcecode.c.h; path = FMDatabase.h; sourceTree = "<group>"; };
		F5734EAD19797BE700B91A23 /* FMDatabase.m */ = {isa = PBXFileReference; fileEncoding = 4; lastKnownFileType = sourcecode.c.objc; path = FMDatabase.m; sourceTree = "<group>"; };
		F5734EAE19797BE700B91A23 /* FMDatabaseAdditions.h */ = {isa = PBXFileReference; fileEncoding = 4; lastKnownFileType = sourcecode.c.h; path = FMDatabaseAdditions.h; sourceTree = "<group>"; };
		F5734EAF19797BE700B91A23 /* FMDatabaseAdditions.m */ = {isa = PBXFileReference; fileEncoding = 4; lastKnownFileType = sourcecode.c.objc; path = FMDatabaseAdditions.m; sourceTree = "<group>"; };
		F5734EB019797BE700B91A23 /* FMDatabasePool.h */ = {isa = PBXFileReference; fileEncoding = 4; lastKnownFileType = sourcecode.c.h; path = FMDatabasePool.h; sourceTree = "<group>"; };
		F5734EB119797BE700B91A23 /* FMDatabasePool.m */ = {isa = PBXFileReference; fileEncoding = 4; lastKnownFileType = sourcecode.c.objc; path = FMDatabasePool.m; sourceTree = "<group>"; };
		F5734EB219797BE700B91A23 /* FMDatabaseQueue.h */ = {isa = PBXFileReference; fileEncoding = 4; lastKnownFileType = sourcecode.c.h; path = FMDatabaseQueue.h; sourceTree = "<group>"; };
		F5734EB319797BE700B91A23 /* FMDatabaseQueue.m */ = {isa = PBXFileReference; fileEncoding = 4; lastKnownFileType = sourcecode.c.objc; path = FMDatabaseQueue.m; sourceTree = "<group>"; };
		F5734EB419797BE700B91A23 /* FMResultSet.h */ = {isa = PBXFileReference; fileEncoding = 4; lastKnownFileType = sourcecode.c.h; path = FMResultSet.h; sourceTree = "<group>"; };
		F5734EB519797BE700B91A23 /* FMResultSet.m */ = {isa = PBXFileReference; fileEncoding = 4; lastKnownFileType = sourcecode.c.objc; path = FMResultSet.m; sourceTree = "<group>"; };
		F5734EB719797BE700B91A23 /* JSONKit.h */ = {isa = PBXFileReference; fileEncoding = 4; lastKnownFileType = sourcecode.c.h; path = JSONKit.h; sourceTree = "<group>"; };
		F5734EB819797BE700B91A23 /* JSONKit.m */ = {isa = PBXFileReference; fileEncoding = 4; lastKnownFileType = sourcecode.c.objc; path = JSONKit.m; sourceTree = "<group>"; };
		F5734EBA19797BE700B91A23 /* OpenUDID.h */ = {isa = PBXFileReference; fileEncoding = 4; lastKnownFileType = sourcecode.c.h; path = OpenUDID.h; sourceTree = "<group>"; };
		F5734EBB19797BE700B91A23 /* OpenUDID.m */ = {isa = PBXFileReference; fileEncoding = 4; lastKnownFileType = sourcecode.c.objc; path = OpenUDID.m; sourceTree = "<group>"; };
		F5734EBD19797BE700B91A23 /* Reachability.h */ = {isa = PBXFileReference; fileEncoding = 4; lastKnownFileType = sourcecode.c.h; path = Reachability.h; sourceTree = "<group>"; };
		F5734EBE19797BE700B91A23 /* Reachability.m */ = {isa = PBXFileReference; fileEncoding = 4; lastKnownFileType = sourcecode.c.objc; path = Reachability.m; sourceTree = "<group>"; };
		F5734EC019797BE700B91A23 /* CTidy.h */ = {isa = PBXFileReference; fileEncoding = 4; lastKnownFileType = sourcecode.c.h; path = CTidy.h; sourceTree = "<group>"; };
		F5734EC119797BE700B91A23 /* CTidy.m */ = {isa = PBXFileReference; fileEncoding = 4; lastKnownFileType = sourcecode.c.objc; path = CTidy.m; sourceTree = "<group>"; };
		F5734EC219797BE700B91A23 /* CXHTMLDocument.h */ = {isa = PBXFileReference; fileEncoding = 4; lastKnownFileType = sourcecode.c.h; path = CXHTMLDocument.h; sourceTree = "<group>"; };
		F5734EC319797BE700B91A23 /* CXHTMLDocument.m */ = {isa = PBXFileReference; fileEncoding = 4; lastKnownFileType = sourcecode.c.objc; path = CXHTMLDocument.m; sourceTree = "<group>"; };
		F5734EC419797BE700B91A23 /* CXMLDocument.h */ = {isa = PBXFileReference; fileEncoding = 4; lastKnownFileType = sourcecode.c.h; path = CXMLDocument.h; sourceTree = "<group>"; };
		F5734EC519797BE700B91A23 /* CXMLDocument.m */ = {isa = PBXFileReference; fileEncoding = 4; lastKnownFileType = sourcecode.c.objc; path = CXMLDocument.m; sourceTree = "<group>"; };
		F5734EC619797BE700B91A23 /* CXMLDocument_CreationExtensions.h */ = {isa = PBXFileReference; fileEncoding = 4; lastKnownFileType = sourcecode.c.h; path = CXMLDocument_CreationExtensions.h; sourceTree = "<group>"; };
		F5734EC719797BE700B91A23 /* CXMLDocument_CreationExtensions.m */ = {isa = PBXFileReference; fileEncoding = 4; lastKnownFileType = sourcecode.c.objc; path = CXMLDocument_CreationExtensions.m; sourceTree = "<group>"; };
		F5734EC819797BE700B91A23 /* CXMLDocument_PrivateExtensions.h */ = {isa = PBXFileReference; fileEncoding = 4; lastKnownFileType = sourcecode.c.h; path = CXMLDocument_PrivateExtensions.h; sourceTree = "<group>"; };
		F5734EC919797BE700B91A23 /* CXMLDocument_PrivateExtensions.m */ = {isa = PBXFileReference; fileEncoding = 4; lastKnownFileType = sourcecode.c.objc; path = CXMLDocument_PrivateExtensions.m; sourceTree = "<group>"; };
		F5734ECA19797BE700B91A23 /* CXMLElement.h */ = {isa = PBXFileReference; fileEncoding = 4; lastKnownFileType = sourcecode.c.h; path = CXMLElement.h; sourceTree = "<group>"; };
		F5734ECB19797BE700B91A23 /* CXMLElement.m */ = {isa = PBXFileReference; fileEncoding = 4; lastKnownFileType = sourcecode.c.objc; path = CXMLElement.m; sourceTree = "<group>"; };
		F5734ECC19797BE700B91A23 /* CXMLElement_CreationExtensions.h */ = {isa = PBXFileReference; fileEncoding = 4; lastKnownFileType = sourcecode.c.h; path = CXMLElement_CreationExtensions.h; sourceTree = "<group>"; };
		F5734ECD19797BE700B91A23 /* CXMLElement_CreationExtensions.m */ = {isa = PBXFileReference; fileEncoding = 4; lastKnownFileType = sourcecode.c.objc; path = CXMLElement_CreationExtensions.m; sourceTree = "<group>"; };
		F5734ECE19797BE700B91A23 /* CXMLElement_ElementTreeExtensions.h */ = {isa = PBXFileReference; fileEncoding = 4; lastKnownFileType = sourcecode.c.h; path = CXMLElement_ElementTreeExtensions.h; sourceTree = "<group>"; };
		F5734ECF19797BE700B91A23 /* CXMLElement_ElementTreeExtensions.m */ = {isa = PBXFileReference; fileEncoding = 4; lastKnownFileType = sourcecode.c.objc; path = CXMLElement_ElementTreeExtensions.m; sourceTree = "<group>"; };
		F5734ED019797BE700B91A23 /* CXMLNamespaceNode.h */ = {isa = PBXFileReference; fileEncoding = 4; lastKnownFileType = sourcecode.c.h; path = CXMLNamespaceNode.h; sourceTree = "<group>"; };
		F5734ED119797BE700B91A23 /* CXMLNamespaceNode.m */ = {isa = PBXFileReference; fileEncoding = 4; lastKnownFileType = sourcecode.c.objc; path = CXMLNamespaceNode.m; sourceTree = "<group>"; };
		F5734ED219797BE700B91A23 /* CXMLNode.h */ = {isa = PBXFileReference; fileEncoding = 4; lastKnownFileType = sourcecode.c.h; path = CXMLNode.h; sourceTree = "<group>"; };
		F5734ED319797BE700B91A23 /* CXMLNode.m */ = {isa = PBXFileReference; fileEncoding = 4; lastKnownFileType = sourcecode.c.objc; path = CXMLNode.m; sourceTree = "<group>"; };
		F5734ED419797BE700B91A23 /* CXMLNode_CreationExtensions.h */ = {isa = PBXFileReference; fileEncoding = 4; lastKnownFileType = sourcecode.c.h; path = CXMLNode_CreationExtensions.h; sourceTree = "<group>"; };
		F5734ED519797BE700B91A23 /* CXMLNode_CreationExtensions.m */ = {isa = PBXFileReference; fileEncoding = 4; lastKnownFileType = sourcecode.c.objc; path = CXMLNode_CreationExtensions.m; sourceTree = "<group>"; };
		F5734ED619797BE700B91A23 /* CXMLNode_PrivateExtensions.h */ = {isa = PBXFileReference; fileEncoding = 4; lastKnownFileType = sourcecode.c.h; path = CXMLNode_PrivateExtensions.h; sourceTree = "<group>"; };
		F5734ED719797BE700B91A23 /* CXMLNode_PrivateExtensions.m */ = {isa = PBXFileReference; fileEncoding = 4; lastKnownFileType = sourcecode.c.objc; path = CXMLNode_PrivateExtensions.m; sourceTree = "<group>"; };
		F5734ED819797BE700B91A23 /* CXMLNode_XPathExtensions.h */ = {isa = PBXFileReference; fileEncoding = 4; lastKnownFileType = sourcecode.c.h; path = CXMLNode_XPathExtensions.h; sourceTree = "<group>"; };
		F5734ED919797BE700B91A23 /* CXMLNode_XPathExtensions.m */ = {isa = PBXFileReference; fileEncoding = 4; lastKnownFileType = sourcecode.c.objc; path = CXMLNode_XPathExtensions.m; sourceTree = "<group>"; };
		F5734EDA19797BE700B91A23 /* TouchXML.h */ = {isa = PBXFileReference; fileEncoding = 4; lastKnownFileType = sourcecode.c.h; path = TouchXML.h; sourceTree = "<group>"; };
		F5734EDD19797BE700B91A23 /* crypt.h */ = {isa = PBXFileReference; fileEncoding = 4; lastKnownFileType = sourcecode.c.h; path = crypt.h; sourceTree = "<group>"; };
		F5734EDE19797BE700B91A23 /* ioapi.c */ = {isa = PBXFileReference; fileEncoding = 4; lastKnownFileType = sourcecode.c.c; path = ioapi.c; sourceTree = "<group>"; };
		F5734EDF19797BE700B91A23 /* ioapi.h */ = {isa = PBXFileReference; fileEncoding = 4; lastKnownFileType = sourcecode.c.h; path = ioapi.h; sourceTree = "<group>"; };
		F5734EE019797BE700B91A23 /* mztools.c */ = {isa = PBXFileReference; fileEncoding = 4; lastKnownFileType = sourcecode.c.c; path = mztools.c; sourceTree = "<group>"; };
		F5734EE119797BE700B91A23 /* mztools.h */ = {isa = PBXFileReference; fileEncoding = 4; lastKnownFileType = sourcecode.c.h; path = mztools.h; sourceTree = "<group>"; };
		F5734EE219797BE700B91A23 /* unzip.c */ = {isa = PBXFileReference; fileEncoding = 4; lastKnownFileType = sourcecode.c.c; path = unzip.c; sourceTree = "<group>"; };
		F5734EE319797BE700B91A23 /* unzip.h */ = {isa = PBXFileReference; fileEncoding = 4; lastKnownFileType = sourcecode.c.h; path = unzip.h; sourceTree = "<group>"; };
		F5734EE419797BE700B91A23 /* zip.c */ = {isa = PBXFileReference; fileEncoding = 4; lastKnownFileType = sourcecode.c.c; path = zip.c; sourceTree = "<group>"; };
		F5734EE519797BE700B91A23 /* zip.h */ = {isa = PBXFileReference; fileEncoding = 4; lastKnownFileType = sourcecode.c.h; path = zip.h; sourceTree = "<group>"; };
		F5734EE619797BE700B91A23 /* ZipArchive.h */ = {isa = PBXFileReference; fileEncoding = 4; lastKnownFileType = sourcecode.c.h; path = ZipArchive.h; sourceTree = "<group>"; };
		F5734EE719797BE700B91A23 /* ZipArchive.mm */ = {isa = PBXFileReference; fileEncoding = 4; lastKnownFileType = sourcecode.cpp.objcpp; path = ZipArchive.mm; sourceTree = "<group>"; };
/* End PBXFileReference section */

/* Begin PBXFrameworksBuildPhase section */
		F5734E3A19797BAD00B91A23 /* Frameworks */ = {
			isa = PBXFrameworksBuildPhase;
			buildActionMask = 2147483647;
			files = (
				F5734E4319797BAD00B91A23 /* CoreGraphics.framework in Frameworks */,
				F5734E4519797BAD00B91A23 /* UIKit.framework in Frameworks */,
				F5734E4119797BAD00B91A23 /* Foundation.framework in Frameworks */,
			);
			runOnlyForDeploymentPostprocessing = 0;
		};
		F5734E5B19797BAD00B91A23 /* Frameworks */ = {
			isa = PBXFrameworksBuildPhase;
			buildActionMask = 2147483647;
			files = (
				F5734E6019797BAD00B91A23 /* XCTest.framework in Frameworks */,
				F5734E6219797BAD00B91A23 /* UIKit.framework in Frameworks */,
				F5734E6119797BAD00B91A23 /* Foundation.framework in Frameworks */,
			);
			runOnlyForDeploymentPostprocessing = 0;
		};
/* End PBXFrameworksBuildPhase section */

/* Begin PBXGroup section */
		F5734E3419797BAD00B91A23 = {
			isa = PBXGroup;
			children = (
				F5734E4619797BAD00B91A23 /* CYFramework */,
				F5734E6519797BAD00B91A23 /* CYFrameworkTests */,
				F5734E3F19797BAD00B91A23 /* Frameworks */,
				F5734E3E19797BAD00B91A23 /* Products */,
			);
			sourceTree = "<group>";
		};
		F5734E3E19797BAD00B91A23 /* Products */ = {
			isa = PBXGroup;
			children = (
				F5734E3D19797BAD00B91A23 /* CYFramework.app */,
				F5734E5E19797BAD00B91A23 /* CYFrameworkTests.xctest */,
			);
			name = Products;
			sourceTree = "<group>";
		};
		F5734E3F19797BAD00B91A23 /* Frameworks */ = {
			isa = PBXGroup;
			children = (
				F5734E4019797BAD00B91A23 /* Foundation.framework */,
				F5734E4219797BAD00B91A23 /* CoreGraphics.framework */,
				F5734E4419797BAD00B91A23 /* UIKit.framework */,
				F5734E5F19797BAD00B91A23 /* XCTest.framework */,
			);
			name = Frameworks;
			sourceTree = "<group>";
		};
		F5734E4619797BAD00B91A23 /* CYFramework */ = {
			isa = PBXGroup;
			children = (
				F5734E4F19797BAD00B91A23 /* AppDelegate.h */,
				F5734E5019797BAD00B91A23 /* AppDelegate.m */,
				F5734E5219797BAD00B91A23 /* Main.storyboard */,
				F5734E5519797BAD00B91A23 /* ViewController.h */,
				F5734E5619797BAD00B91A23 /* ViewController.m */,
				F5734E7519797BE700B91A23 /* mvc */,
				F5734E8919797BE700B91A23 /* system */,
				F5734E9319797BE700B91A23 /* vendor */,
				F5734E5819797BAD00B91A23 /* Images.xcassets */,
				F5734E4719797BAD00B91A23 /* Supporting Files */,
			);
			path = CYFramework;
			sourceTree = "<group>";
		};
		F5734E4719797BAD00B91A23 /* Supporting Files */ = {
			isa = PBXGroup;
			children = (
				F5734E4819797BAD00B91A23 /* CYFramework-Info.plist */,
				F5734E4919797BAD00B91A23 /* InfoPlist.strings */,
				F5734E4C19797BAD00B91A23 /* main.m */,
				F5734E4E19797BAD00B91A23 /* CYFramework-Prefix.pch */,
			);
			name = "Supporting Files";
			sourceTree = "<group>";
		};
		F5734E6519797BAD00B91A23 /* CYFrameworkTests */ = {
			isa = PBXGroup;
			children = (
				F5734E6B19797BAD00B91A23 /* CYFrameworkTests.m */,
				F5734E6619797BAD00B91A23 /* Supporting Files */,
			);
			path = CYFrameworkTests;
			sourceTree = "<group>";
		};
		F5734E6619797BAD00B91A23 /* Supporting Files */ = {
			isa = PBXGroup;
			children = (
				F5734E6719797BAD00B91A23 /* CYFrameworkTests-Info.plist */,
				F5734E6819797BAD00B91A23 /* InfoPlist.strings */,
			);
			name = "Supporting Files";
			sourceTree = "<group>";
		};
		F5734E7519797BE700B91A23 /* mvc */ = {
			isa = PBXGroup;
			children = (
				F5734E8119797BE700B91A23 /* CY_MVC.h */,
				F5734E8219797BE700B91A23 /* CY_MVC.m */,
				F5734E7619797BE700B91A23 /* controller */,
				F5734E8319797BE700B91A23 /* model */,
				F5734E8619797BE700B91A23 /* view */,
			);
			path = mvc;
			sourceTree = "<group>";
		};
		F5734E7619797BE700B91A23 /* controller */ = {
			isa = PBXGroup;
			children = (
				F5734E7719797BE700B91A23 /* CY_Controller.h */,
				F5734E7819797BE700B91A23 /* CY_Controller.m */,
				F5734E7919797BE700B91A23 /* CY_Message.h */,
				F5734E7A19797BE700B91A23 /* CY_Message.m */,
				F5734E7B19797BE700B91A23 /* CY_MessageController.h */,
				F5734E7C19797BE700B91A23 /* CY_MessageController.m */,
				F5734E7D19797BE700B91A23 /* CY_MessageQueue.h */,
				F5734E7E19797BE700B91A23 /* CY_MessageQueue.m */,
				F5734E7F19797BE700B91A23 /* CY_Routine.h */,
				F5734E8019797BE700B91A23 /* CY_Routine.m */,
			);
			path = controller;
			sourceTree = "<group>";
		};
		F5734E8319797BE700B91A23 /* model */ = {
			isa = PBXGroup;
			children = (
				F5734E8419797BE700B91A23 /* CY_Model.h */,
				F5734E8519797BE700B91A23 /* CY_Model.m */,
			);
			path = model;
			sourceTree = "<group>";
		};
		F5734E8619797BE700B91A23 /* view */ = {
			isa = PBXGroup;
			children = (
				F5734E8719797BE700B91A23 /* CY_View.h */,
				F5734E8819797BE700B91A23 /* CY_View.m */,
			);
			path = view;
			sourceTree = "<group>";
		};
		F5734E8919797BE700B91A23 /* system */ = {
			isa = PBXGroup;
			children = (
				F5734E8A19797BE700B91A23 /* cache */,
				F5734E8B19797BE700B91A23 /* database */,
				F5734E8C19797BE700B91A23 /* foudation */,
				F5734E9219797BE700B91A23 /* network */,
			);
			path = system;
			sourceTree = "<group>";
		};
		F5734E8A19797BE700B91A23 /* cache */ = {
			isa = PBXGroup;
			children = (
			);
			path = cache;
			sourceTree = "<group>";
		};
		F5734E8B19797BE700B91A23 /* database */ = {
			isa = PBXGroup;
			children = (
			);
			path = database;
			sourceTree = "<group>";
		};
		F5734E8C19797BE700B91A23 /* foudation */ = {
			isa = PBXGroup;
			children = (
				F5734E8D19797BE700B91A23 /* CY_Foundation.h */,
				F5734E8E19797BE700B91A23 /* CY_Foundation.m */,
				F5734E8F19797BE700B91A23 /* extension */,
			);
			path = foudation;
			sourceTree = "<group>";
		};
		F5734E8F19797BE700B91A23 /* extension */ = {
			isa = PBXGroup;
			children = (
				F5734E9019797BE700B91A23 /* NSObject+CY_Property.h */,
				F5734E9119797BE700B91A23 /* NSObject+CY_Property.m */,
			);
			path = extension;
			sourceTree = "<group>";
		};
		F5734E9219797BE700B91A23 /* network */ = {
			isa = PBXGroup;
			children = (
			);
			path = network;
			sourceTree = "<group>";
		};
		F5734E9319797BE700B91A23 /* vendor */ = {
			isa = PBXGroup;
			children = (
				F5734E9419797BE700B91A23 /* ASI */,
				F5734EA919797BE700B91A23 /* Bee_Vendor.h */,
				F5734EAA19797BE700B91A23 /* Bee_VendorConfig.h */,
				F5734EAB19797BE700B91A23 /* FMDB */,
				F5734EB619797BE700B91A23 /* JSONKit */,
				F5734EB919797BE700B91A23 /* OpenUDID */,
				F5734EBC19797BE700B91A23 /* Reachability */,
				F5734EBF19797BE700B91A23 /* TouchXML */,
				F5734EDB19797BE700B91A23 /* ZipArchive */,
			);
			path = vendor;
			sourceTree = "<group>";
		};
		F5734E9419797BE700B91A23 /* ASI */ = {
			isa = PBXGroup;
			children = (
				F5734E9519797BE700B91A23 /* ASIAuthenticationDialog.h */,
				F5734E9619797BE700B91A23 /* ASIAuthenticationDialog.m */,
				F5734E9719797BE700B91A23 /* ASICacheDelegate.h */,
				F5734E9819797BE700B91A23 /* ASIDataCompressor.h */,
				F5734E9919797BE700B91A23 /* ASIDataCompressor.m */,
				F5734E9A19797BE700B91A23 /* ASIDataDecompressor.h */,
				F5734E9B19797BE700B91A23 /* ASIDataDecompressor.m */,
				F5734E9C19797BE700B91A23 /* ASIDownloadCache.h */,
				F5734E9D19797BE700B91A23 /* ASIDownloadCache.m */,
				F5734E9E19797BE700B91A23 /* ASIFormDataRequest.h */,
				F5734E9F19797BE700B91A23 /* ASIFormDataRequest.m */,
				F5734EA019797BE700B91A23 /* ASIHTTPRequest.h */,
				F5734EA119797BE700B91A23 /* ASIHTTPRequest.m */,
				F5734EA219797BE700B91A23 /* ASIHTTPRequestConfig.h */,
				F5734EA319797BE700B91A23 /* ASIHTTPRequestDelegate.h */,
				F5734EA419797BE700B91A23 /* ASIInputStream.h */,
				F5734EA519797BE700B91A23 /* ASIInputStream.m */,
				F5734EA619797BE700B91A23 /* ASINetworkQueue.h */,
				F5734EA719797BE700B91A23 /* ASINetworkQueue.m */,
				F5734EA819797BE700B91A23 /* ASIProgressDelegate.h */,
			);
			path = ASI;
			sourceTree = "<group>";
		};
		F5734EAB19797BE700B91A23 /* FMDB */ = {
			isa = PBXGroup;
			children = (
				F5734EAC19797BE700B91A23 /* FMDatabase.h */,
				F5734EAD19797BE700B91A23 /* FMDatabase.m */,
				F5734EAE19797BE700B91A23 /* FMDatabaseAdditions.h */,
				F5734EAF19797BE700B91A23 /* FMDatabaseAdditions.m */,
				F5734EB019797BE700B91A23 /* FMDatabasePool.h */,
				F5734EB119797BE700B91A23 /* FMDatabasePool.m */,
				F5734EB219797BE700B91A23 /* FMDatabaseQueue.h */,
				F5734EB319797BE700B91A23 /* FMDatabaseQueue.m */,
				F5734EB419797BE700B91A23 /* FMResultSet.h */,
				F5734EB519797BE700B91A23 /* FMResultSet.m */,
			);
			path = FMDB;
			sourceTree = "<group>";
		};
		F5734EB619797BE700B91A23 /* JSONKit */ = {
			isa = PBXGroup;
			children = (
				F5734EB719797BE700B91A23 /* JSONKit.h */,
				F5734EB819797BE700B91A23 /* JSONKit.m */,
			);
			path = JSONKit;
			sourceTree = "<group>";
		};
		F5734EB919797BE700B91A23 /* OpenUDID */ = {
			isa = PBXGroup;
			children = (
				F5734EBA19797BE700B91A23 /* OpenUDID.h */,
				F5734EBB19797BE700B91A23 /* OpenUDID.m */,
			);
			path = OpenUDID;
			sourceTree = "<group>";
		};
		F5734EBC19797BE700B91A23 /* Reachability */ = {
			isa = PBXGroup;
			children = (
				F5734EBD19797BE700B91A23 /* Reachability.h */,
				F5734EBE19797BE700B91A23 /* Reachability.m */,
			);
			path = Reachability;
			sourceTree = "<group>";
		};
		F5734EBF19797BE700B91A23 /* TouchXML */ = {
			isa = PBXGroup;
			children = (
				F5734EC019797BE700B91A23 /* CTidy.h */,
				F5734EC119797BE700B91A23 /* CTidy.m */,
				F5734EC219797BE700B91A23 /* CXHTMLDocument.h */,
				F5734EC319797BE700B91A23 /* CXHTMLDocument.m */,
				F5734EC419797BE700B91A23 /* CXMLDocument.h */,
				F5734EC519797BE700B91A23 /* CXMLDocument.m */,
				F5734EC619797BE700B91A23 /* CXMLDocument_CreationExtensions.h */,
				F5734EC719797BE700B91A23 /* CXMLDocument_CreationExtensions.m */,
				F5734EC819797BE700B91A23 /* CXMLDocument_PrivateExtensions.h */,
				F5734EC919797BE700B91A23 /* CXMLDocument_PrivateExtensions.m */,
				F5734ECA19797BE700B91A23 /* CXMLElement.h */,
				F5734ECB19797BE700B91A23 /* CXMLElement.m */,
				F5734ECC19797BE700B91A23 /* CXMLElement_CreationExtensions.h */,
				F5734ECD19797BE700B91A23 /* CXMLElement_CreationExtensions.m */,
				F5734ECE19797BE700B91A23 /* CXMLElement_ElementTreeExtensions.h */,
				F5734ECF19797BE700B91A23 /* CXMLElement_ElementTreeExtensions.m */,
				F5734ED019797BE700B91A23 /* CXMLNamespaceNode.h */,
				F5734ED119797BE700B91A23 /* CXMLNamespaceNode.m */,
				F5734ED219797BE700B91A23 /* CXMLNode.h */,
				F5734ED319797BE700B91A23 /* CXMLNode.m */,
				F5734ED419797BE700B91A23 /* CXMLNode_CreationExtensions.h */,
				F5734ED519797BE700B91A23 /* CXMLNode_CreationExtensions.m */,
				F5734ED619797BE700B91A23 /* CXMLNode_PrivateExtensions.h */,
				F5734ED719797BE700B91A23 /* CXMLNode_PrivateExtensions.m */,
				F5734ED819797BE700B91A23 /* CXMLNode_XPathExtensions.h */,
				F5734ED919797BE700B91A23 /* CXMLNode_XPathExtensions.m */,
				F5734EDA19797BE700B91A23 /* TouchXML.h */,
			);
			path = TouchXML;
			sourceTree = "<group>";
		};
		F5734EDB19797BE700B91A23 /* ZipArchive */ = {
			isa = PBXGroup;
			children = (
				F5734EDC19797BE700B91A23 /* minizip */,
				F5734EE619797BE700B91A23 /* ZipArchive.h */,
				F5734EE719797BE700B91A23 /* ZipArchive.mm */,
			);
			path = ZipArchive;
			sourceTree = "<group>";
		};
		F5734EDC19797BE700B91A23 /* minizip */ = {
			isa = PBXGroup;
			children = (
				F5734EDD19797BE700B91A23 /* crypt.h */,
				F5734EDE19797BE700B91A23 /* ioapi.c */,
				F5734EDF19797BE700B91A23 /* ioapi.h */,
				F5734EE019797BE700B91A23 /* mztools.c */,
				F5734EE119797BE700B91A23 /* mztools.h */,
				F5734EE219797BE700B91A23 /* unzip.c */,
				F5734EE319797BE700B91A23 /* unzip.h */,
				F5734EE419797BE700B91A23 /* zip.c */,
				F5734EE519797BE700B91A23 /* zip.h */,
			);
			path = minizip;
			sourceTree = "<group>";
		};
/* End PBXGroup section */

/* Begin PBXNativeTarget section */
		F5734E3C19797BAD00B91A23 /* CYFramework */ = {
			isa = PBXNativeTarget;
			buildConfigurationList = F5734E6F19797BAD00B91A23 /* Build configuration list for PBXNativeTarget "CYFramework" */;
			buildPhases = (
				F5734E3919797BAD00B91A23 /* Sources */,
				F5734E3A19797BAD00B91A23 /* Frameworks */,
				F5734E3B19797BAD00B91A23 /* Resources */,
			);
			buildRules = (
			);
			dependencies = (
			);
			name = CYFramework;
			productName = CYFramework;
			productReference = F5734E3D19797BAD00B91A23 /* CYFramework.app */;
			productType = "com.apple.product-type.application";
		};
		F5734E5D19797BAD00B91A23 /* CYFrameworkTests */ = {
			isa = PBXNativeTarget;
			buildConfigurationList = F5734E7219797BAD00B91A23 /* Build configuration list for PBXNativeTarget "CYFrameworkTests" */;
			buildPhases = (
				F5734E5A19797BAD00B91A23 /* Sources */,
				F5734E5B19797BAD00B91A23 /* Frameworks */,
				F5734E5C19797BAD00B91A23 /* Resources */,
			);
			buildRules = (
			);
			dependencies = (
				F5734E6419797BAD00B91A23 /* PBXTargetDependency */,
			);
			name = CYFrameworkTests;
			productName = CYFrameworkTests;
			productReference = F5734E5E19797BAD00B91A23 /* CYFrameworkTests.xctest */;
			productType = "com.apple.product-type.bundle.unit-test";
		};
/* End PBXNativeTarget section */

/* Begin PBXProject section */
		F5734E3519797BAD00B91A23 /* Project object */ = {
			isa = PBXProject;
			attributes = {
				LastUpgradeCheck = 0510;
				ORGANIZATIONNAME = haidi;
				TargetAttributes = {
					F5734E5D19797BAD00B91A23 = {
						TestTargetID = F5734E3C19797BAD00B91A23;
					};
				};
			};
			buildConfigurationList = F5734E3819797BAD00B91A23 /* Build configuration list for PBXProject "CYFramework" */;
			compatibilityVersion = "Xcode 3.2";
			developmentRegion = English;
			hasScannedForEncodings = 0;
			knownRegions = (
				en,
				Base,
			);
			mainGroup = F5734E3419797BAD00B91A23;
			productRefGroup = F5734E3E19797BAD00B91A23 /* Products */;
			projectDirPath = "";
			projectRoot = "";
			targets = (
				F5734E3C19797BAD00B91A23 /* CYFramework */,
				F5734E5D19797BAD00B91A23 /* CYFrameworkTests */,
			);
		};
/* End PBXProject section */

/* Begin PBXResourcesBuildPhase section */
		F5734E3B19797BAD00B91A23 /* Resources */ = {
			isa = PBXResourcesBuildPhase;
			buildActionMask = 2147483647;
			files = (
				F5734E5919797BAD00B91A23 /* Images.xcassets in Resources */,
				F5734E4B19797BAD00B91A23 /* InfoPlist.strings in Resources */,
				F5734E5419797BAD00B91A23 /* Main.storyboard in Resources */,
			);
			runOnlyForDeploymentPostprocessing = 0;
		};
		F5734E5C19797BAD00B91A23 /* Resources */ = {
			isa = PBXResourcesBuildPhase;
			buildActionMask = 2147483647;
			files = (
				F5734E6A19797BAD00B91A23 /* InfoPlist.strings in Resources */,
			);
			runOnlyForDeploymentPostprocessing = 0;
		};
/* End PBXResourcesBuildPhase section */

/* Begin PBXSourcesBuildPhase section */
		F5734E3919797BAD00B91A23 /* Sources */ = {
			isa = PBXSourcesBuildPhase;
			buildActionMask = 2147483647;
			files = (
				F5734F0F19797BE700B91A23 /* ioapi.c in Sources */,
				F5734F0919797BE700B91A23 /* CXMLElement_ElementTreeExtensions.m in Sources */,
				F5734EF519797BE700B91A23 /* ASIDownloadCache.m in Sources */,
				F5734EF319797BE700B91A23 /* ASIDataCompressor.m in Sources */,
				F5734F0619797BE700B91A23 /* CXMLDocument_PrivateExtensions.m in Sources */,
				F5734F0319797BE700B91A23 /* CXHTMLDocument.m in Sources */,
				F5734EEC19797BE700B91A23 /* CY_Routine.m in Sources */,
				F5734E5719797BAD00B91A23 /* ViewController.m in Sources */,
				F5734F0A19797BE700B91A23 /* CXMLNamespaceNode.m in Sources */,
				F5734F0819797BE700B91A23 /* CXMLElement_CreationExtensions.m in Sources */,
				F5734F0719797BE700B91A23 /* CXMLElement.m in Sources */,
				F5734EE819797BE700B91A23 /* CY_Controller.m in Sources */,
				F5734EED19797BE700B91A23 /* CY_MVC.m in Sources */,
				F5734F0519797BE700B91A23 /* CXMLDocument_CreationExtensions.m in Sources */,
				F5734EFE19797BE700B91A23 /* FMResultSet.m in Sources */,
				F5734F0C19797BE700B91A23 /* CXMLNode_CreationExtensions.m in Sources */,
				F5734EF019797BE700B91A23 /* CY_Foundation.m in Sources */,
				F5734EF219797BE700B91A23 /* ASIAuthenticationDialog.m in Sources */,
				F5734F0D19797BE700B91A23 /* CXMLNode_PrivateExtensions.m in Sources */,
				F5734F0219797BE700B91A23 /* CTidy.m in Sources */,
				F5734E5119797BAD00B91A23 /* AppDelegate.m in Sources */,
				F5734EFA19797BE700B91A23 /* FMDatabase.m in Sources */,
				F5734EFD19797BE700B91A23 /* FMDatabaseQueue.m in Sources */,
				F5734F0B19797BE700B91A23 /* CXMLNode.m in Sources */,
				F5734EFB19797BE700B91A23 /* FMDatabaseAdditions.m in Sources */,
				F5734EEF19797BE700B91A23 /* CY_View.m in Sources */,
				F5734EEA19797BE700B91A23 /* CY_MessageController.m in Sources */,
				F5734EFC19797BE700B91A23 /* FMDatabasePool.m in Sources */,
				F5734EE919797BE700B91A23 /* CY_Message.m in Sources */,
				F5734F0019797BE700B91A23 /* OpenUDID.m in Sources */,
				F5734EF119797BE700B91A23 /* NSObject+CY_Property.m in Sources */,
				F5734EF619797BE700B91A23 /* ASIFormDataRequest.m in Sources */,
				F5734EEB19797BE700B91A23 /* CY_MessageQueue.m in Sources */,
				F5734EFF19797BE700B91A23 /* JSONKit.m in Sources */,
				F5734EF419797BE700B91A23 /* ASIDataDecompressor.m in Sources */,
				F5734EF819797BE700B91A23 /* ASIInputStream.m in Sources */,
				F5734F1119797BE700B91A23 /* unzip.c in Sources */,
				F5734F0E19797BE700B91A23 /* CXMLNode_XPathExtensions.m in Sources */,
				F5734F0119797BE700B91A23 /* Reachability.m in Sources */,
				F5734F1019797BE700B91A23 /* mztools.c in Sources */,
				F5734EF919797BE700B91A23 /* ASINetworkQueue.m in Sources */,
				F5734F1219797BE700B91A23 /* zip.c in Sources */,
				F5734F0419797BE700B91A23 /* CXMLDocument.m in Sources */,
				F5734EF719797BE700B91A23 /* ASIHTTPRequest.m in Sources */,
				F5734F1319797BE700B91A23 /* ZipArchive.mm in Sources */,
				F5734E4D19797BAD00B91A23 /* main.m in Sources */,
				F5734EEE19797BE700B91A23 /* CY_Model.m in Sources */,
			);
			runOnlyForDeploymentPostprocessing = 0;
		};
		F5734E5A19797BAD00B91A23 /* Sources */ = {
			isa = PBXSourcesBuildPhase;
			buildActionMask = 2147483647;
			files = (
				F5734E6C19797BAD00B91A23 /* CYFrameworkTests.m in Sources */,
			);
			runOnlyForDeploymentPostprocessing = 0;
		};
/* End PBXSourcesBuildPhase section */

/* Begin PBXTargetDependency section */
		F5734E6419797BAD00B91A23 /* PBXTargetDependency */ = {
			isa = PBXTargetDependency;
			target = F5734E3C19797BAD00B91A23 /* CYFramework */;
			targetProxy = F5734E6319797BAD00B91A23 /* PBXContainerItemProxy */;
		};
/* End PBXTargetDependency section */

/* Begin PBXVariantGroup section */
		F5734E4919797BAD00B91A23 /* InfoPlist.strings */ = {
			isa = PBXVariantGroup;
			children = (
				F5734E4A19797BAD00B91A23 /* en */,
			);
			name = InfoPlist.strings;
			sourceTree = "<group>";
		};
		F5734E5219797BAD00B91A23 /* Main.storyboard */ = {
			isa = PBXVariantGroup;
			children = (
				F5734E5319797BAD00B91A23 /* Base */,
			);
			name = Main.storyboard;
			sourceTree = "<group>";
		};
		F5734E6819797BAD00B91A23 /* InfoPlist.strings */ = {
			isa = PBXVariantGroup;
			children = (
				F5734E6919797BAD00B91A23 /* en */,
			);
			name = InfoPlist.strings;
			sourceTree = "<group>";
		};
/* End PBXVariantGroup section */

/* Begin XCBuildConfiguration section */
		F5734E6D19797BAD00B91A23 /* Debug */ = {
			isa = XCBuildConfiguration;
			buildSettings = {
				ALWAYS_SEARCH_USER_PATHS = NO;
				CLANG_CXX_LANGUAGE_STANDARD = "gnu++0x";
				CLANG_CXX_LIBRARY = "libc++";
				CLANG_ENABLE_MODULES = YES;
				CLANG_ENABLE_OBJC_ARC = YES;
				CLANG_WARN_BOOL_CONVERSION = YES;
				CLANG_WARN_CONSTANT_CONVERSION = YES;
				CLANG_WARN_DIRECT_OBJC_ISA_USAGE = YES_ERROR;
				CLANG_WARN_EMPTY_BODY = YES;
				CLANG_WARN_ENUM_CONVERSION = YES;
				CLANG_WARN_INT_CONVERSION = YES;
				CLANG_WARN_OBJC_ROOT_CLASS = YES_ERROR;
				CLANG_WARN__DUPLICATE_METHOD_MATCH = YES;
				"CODE_SIGN_IDENTITY[sdk=iphoneos*]" = "iPhone Developer";
				COPY_PHASE_STRIP = NO;
				GCC_C_LANGUAGE_STANDARD = gnu99;
				GCC_DYNAMIC_NO_PIC = NO;
				GCC_OPTIMIZATION_LEVEL = 0;
				GCC_PREPROCESSOR_DEFINITIONS = (
					"DEBUG=1",
					"$(inherited)",
				);
				GCC_SYMBOLS_PRIVATE_EXTERN = NO;
				GCC_WARN_64_TO_32_BIT_CONVERSION = YES;
				GCC_WARN_ABOUT_RETURN_TYPE = YES_ERROR;
				GCC_WARN_UNDECLARED_SELECTOR = YES;
				GCC_WARN_UNINITIALIZED_AUTOS = YES_AGGRESSIVE;
				GCC_WARN_UNUSED_FUNCTION = YES;
				GCC_WARN_UNUSED_VARIABLE = YES;
				IPHONEOS_DEPLOYMENT_TARGET = 7.1;
				ONLY_ACTIVE_ARCH = YES;
				SDKROOT = iphoneos;
			};
			name = Debug;
		};
		F5734E6E19797BAD00B91A23 /* Release */ = {
			isa = XCBuildConfiguration;
			buildSettings = {
				ALWAYS_SEARCH_USER_PATHS = NO;
				CLANG_CXX_LANGUAGE_STANDARD = "gnu++0x";
				CLANG_CXX_LIBRARY = "libc++";
				CLANG_ENABLE_MODULES = YES;
				CLANG_ENABLE_OBJC_ARC = YES;
				CLANG_WARN_BOOL_CONVERSION = YES;
				CLANG_WARN_CONSTANT_CONVERSION = YES;
				CLANG_WARN_DIRECT_OBJC_ISA_USAGE = YES_ERROR;
				CLANG_WARN_EMPTY_BODY = YES;
				CLANG_WARN_ENUM_CONVERSION = YES;
				CLANG_WARN_INT_CONVERSION = YES;
				CLANG_WARN_OBJC_ROOT_CLASS = YES_ERROR;
				CLANG_WARN__DUPLICATE_METHOD_MATCH = YES;
				"CODE_SIGN_IDENTITY[sdk=iphoneos*]" = "iPhone Developer";
				COPY_PHASE_STRIP = YES;
				ENABLE_NS_ASSERTIONS = NO;
				GCC_C_LANGUAGE_STANDARD = gnu99;
				GCC_WARN_64_TO_32_BIT_CONVERSION = YES;
				GCC_WARN_ABOUT_RETURN_TYPE = YES_ERROR;
				GCC_WARN_UNDECLARED_SELECTOR = YES;
				GCC_WARN_UNINITIALIZED_AUTOS = YES_AGGRESSIVE;
				GCC_WARN_UNUSED_FUNCTION = YES;
				GCC_WARN_UNUSED_VARIABLE = YES;
				IPHONEOS_DEPLOYMENT_TARGET = 7.1;
				SDKROOT = iphoneos;
				VALIDATE_PRODUCT = YES;
			};
			name = Release;
		};
		F5734E7019797BAD00B91A23 /* Debug */ = {
			isa = XCBuildConfiguration;
			buildSettings = {
				ASSETCATALOG_COMPILER_APPICON_NAME = AppIcon;
				ASSETCATALOG_COMPILER_LAUNCHIMAGE_NAME = LaunchImage;
				GCC_PRECOMPILE_PREFIX_HEADER = YES;
				GCC_PREFIX_HEADER = "CYFramework/CYFramework-Prefix.pch";
				INFOPLIST_FILE = "CYFramework/CYFramework-Info.plist";
				PRODUCT_NAME = "$(TARGET_NAME)";
				WRAPPER_EXTENSION = app;
			};
			name = Debug;
		};
		F5734E7119797BAD00B91A23 /* Release */ = {
			isa = XCBuildConfiguration;
			buildSettings = {
				ASSETCATALOG_COMPILER_APPICON_NAME = AppIcon;
				ASSETCATALOG_COMPILER_LAUNCHIMAGE_NAME = LaunchImage;
				GCC_PRECOMPILE_PREFIX_HEADER = YES;
				GCC_PREFIX_HEADER = "CYFramework/CYFramework-Prefix.pch";
				INFOPLIST_FILE = "CYFramework/CYFramework-Info.plist";
				PRODUCT_NAME = "$(TARGET_NAME)";
				WRAPPER_EXTENSION = app;
			};
			name = Release;
		};
		F5734E7319797BAD00B91A23 /* Debug */ = {
			isa = XCBuildConfiguration;
			buildSettings = {
				BUNDLE_LOADER = "$(BUILT_PRODUCTS_DIR)/CYFramework.app/CYFramework";
				FRAMEWORK_SEARCH_PATHS = (
					"$(SDKROOT)/Developer/Library/Frameworks",
					"$(inherited)",
					"$(DEVELOPER_FRAMEWORKS_DIR)",
				);
				GCC_PRECOMPILE_PREFIX_HEADER = YES;
				GCC_PREFIX_HEADER = "CYFramework/CYFramework-Prefix.pch";
				GCC_PREPROCESSOR_DEFINITIONS = (
					"DEBUG=1",
					"$(inherited)",
				);
				INFOPLIST_FILE = "CYFrameworkTests/CYFrameworkTests-Info.plist";
				PRODUCT_NAME = "$(TARGET_NAME)";
				TEST_HOST = "$(BUNDLE_LOADER)";
				WRAPPER_EXTENSION = xctest;
			};
			name = Debug;
		};
		F5734E7419797BAD00B91A23 /* Release */ = {
			isa = XCBuildConfiguration;
			buildSettings = {
				BUNDLE_LOADER = "$(BUILT_PRODUCTS_DIR)/CYFramework.app/CYFramework";
				FRAMEWORK_SEARCH_PATHS = (
					"$(SDKROOT)/Developer/Library/Frameworks",
					"$(inherited)",
					"$(DEVELOPER_FRAMEWORKS_DIR)",
				);
				GCC_PRECOMPILE_PREFIX_HEADER = YES;
				GCC_PREFIX_HEADER = "CYFramework/CYFramework-Prefix.pch";
				INFOPLIST_FILE = "CYFrameworkTests/CYFrameworkTests-Info.plist";
				PRODUCT_NAME = "$(TARGET_NAME)";
				TEST_HOST = "$(BUNDLE_LOADER)";
				WRAPPER_EXTENSION = xctest;
			};
			name = Release;
		};
/* End XCBuildConfiguration section */

/* Begin XCConfigurationList section */
		F5734E3819797BAD00B91A23 /* Build configuration list for PBXProject "CYFramework" */ = {
			isa = XCConfigurationList;
			buildConfigurations = (
				F5734E6D19797BAD00B91A23 /* Debug */,
				F5734E6E19797BAD00B91A23 /* Release */,
			);
			defaultConfigurationIsVisible = 0;
			defaultConfigurationName = Release;
		};
		F5734E6F19797BAD00B91A23 /* Build configuration list for PBXNativeTarget "CYFramework" */ = {
			isa = XCConfigurationList;
			buildConfigurations = (
				F5734E7019797BAD00B91A23 /* Debug */,
				F5734E7119797BAD00B91A23 /* Release */,
			);
			defaultConfigurationIsVisible = 0;
		};
		F5734E7219797BAD00B91A23 /* Build configuration list for PBXNativeTarget "CYFrameworkTests" */ = {
			isa = XCConfigurationList;
			buildConfigurations = (
				F5734E7319797BAD00B91A23 /* Debug */,
				F5734E7419797BAD00B91A23 /* Release */,
			);
			defaultConfigurationIsVisible = 0;
		};
/* End XCConfigurationList section */
	};
	rootObject = F5734E3519797BAD00B91A23 /* Project object */;
}
